// !$*UTF8*$!
{
	archiveVersion = 1;
	classes = {
	};
	objectVersion = 50;
	objects = {

/* Begin PBXBuildFile section */
		FC32E8E0263BFAF600F56140 /* ResultViewController.swift in Sources */ = {isa = PBXBuildFile; fileRef = FC32E8DF263BFAF600F56140 /* ResultViewController.swift */; };
		FC3A55C42638331D0061E14E /* BoardTableViewController.swift in Sources */ = {isa = PBXBuildFile; fileRef = FC3A55C32638331D0061E14E /* BoardTableViewController.swift */; };
		FC3A55C7263839710061E14E /* BoardNaviViewController.swift in Sources */ = {isa = PBXBuildFile; fileRef = FC3A55C6263839710061E14E /* BoardNaviViewController.swift */; };
		FC66E17C26382E110087F49C /* ScoreTableViewCell.swift in Sources */ = {isa = PBXBuildFile; fileRef = FC66E17B26382E110087F49C /* ScoreTableViewCell.swift */; };
		FCCAE99E2633F11F00CF6BB7 /* AppDelegate.swift in Sources */ = {isa = PBXBuildFile; fileRef = FCCAE99D2633F11F00CF6BB7 /* AppDelegate.swift */; };
		FCCAE9A02633F11F00CF6BB7 /* SceneDelegate.swift in Sources */ = {isa = PBXBuildFile; fileRef = FCCAE99F2633F11F00CF6BB7 /* SceneDelegate.swift */; };
		FCCAE9A22633F11F00CF6BB7 /* ViewController.swift in Sources */ = {isa = PBXBuildFile; fileRef = FCCAE9A12633F11F00CF6BB7 /* ViewController.swift */; };
		FCCAE9A52633F11F00CF6BB7 /* Main.storyboard in Resources */ = {isa = PBXBuildFile; fileRef = FCCAE9A32633F11F00CF6BB7 /* Main.storyboard */; };
		FCCAE9A72633F12000CF6BB7 /* Assets.xcassets in Resources */ = {isa = PBXBuildFile; fileRef = FCCAE9A62633F12000CF6BB7 /* Assets.xcassets */; };
		FCCAE9AA2633F12000CF6BB7 /* LaunchScreen.storyboard in Resources */ = {isa = PBXBuildFile; fileRef = FCCAE9A82633F12000CF6BB7 /* LaunchScreen.storyboard */; };
		FCCAE9B62633F1FD00CF6BB7 /* Bubble.swift in Sources */ = {isa = PBXBuildFile; fileRef = FCCAE9B52633F1FD00CF6BB7 /* Bubble.swift */; };
		FCCAE9B9263404C800CF6BB7 /* GameConfigViewController.swift in Sources */ = {isa = PBXBuildFile; fileRef = FCCAE9B8263404C800CF6BB7 /* GameConfigViewController.swift */; };
		FCCAE9BC2634089400CF6BB7 /* GameViewController.swift in Sources */ = {isa = PBXBuildFile; fileRef = FCCAE9BB2634089400CF6BB7 /* GameViewController.swift */; };
		FCCAE9BF2634115D00CF6BB7 /* RankingViewController.swift in Sources */ = {isa = PBXBuildFile; fileRef = FCCAE9BE2634115D00CF6BB7 /* RankingViewController.swift */; };
		FCF775292639587B00B94672 /* HighViewController.swift in Sources */ = {isa = PBXBuildFile; fileRef = FCF775282639587B00B94672 /* HighViewController.swift */; };
		FCF7752C26395ABA00B94672 /* CustomTableViewCell.swift in Sources */ = {isa = PBXBuildFile; fileRef = FCF7752B26395ABA00B94672 /* CustomTableViewCell.swift */; };
/* End PBXBuildFile section */

/* Begin PBXFileReference section */
		FC32E8DF263BFAF600F56140 /* ResultViewController.swift */ = {isa = PBXFileReference; lastKnownFileType = sourcecode.swift; path = ResultViewController.swift; sourceTree = "<group>"; };
		FC3A55C32638331D0061E14E /* BoardTableViewController.swift */ = {isa = PBXFileReference; lastKnownFileType = sourcecode.swift; path = BoardTableViewController.swift; sourceTree = "<group>"; };
		FC3A55C6263839710061E14E /* BoardNaviViewController.swift */ = {isa = PBXFileReference; lastKnownFileType = sourcecode.swift; path = BoardNaviViewController.swift; sourceTree = "<group>"; };
		FC66E17B26382E110087F49C /* ScoreTableViewCell.swift */ = {isa = PBXFileReference; lastKnownFileType = sourcecode.swift; path = ScoreTableViewCell.swift; sourceTree = "<group>"; };
		FCCAE99A2633F11F00CF6BB7 /* AssignmentTwo.app */ = {isa = PBXFileReference; explicitFileType = wrapper.application; includeInIndex = 0; path = AssignmentTwo.app; sourceTree = BUILT_PRODUCTS_DIR; };
		FCCAE99D2633F11F00CF6BB7 /* AppDelegate.swift */ = {isa = PBXFileReference; lastKnownFileType = sourcecode.swift; path = AppDelegate.swift; sourceTree = "<group>"; };
		FCCAE99F2633F11F00CF6BB7 /* SceneDelegate.swift */ = {isa = PBXFileReference; lastKnownFileType = sourcecode.swift; path = SceneDelegate.swift; sourceTree = "<group>"; };
		FCCAE9A12633F11F00CF6BB7 /* ViewController.swift */ = {isa = PBXFileReference; lastKnownFileType = sourcecode.swift; path = ViewController.swift; sourceTree = "<group>"; };
		FCCAE9A42633F11F00CF6BB7 /* Base */ = {isa = PBXFileReference; lastKnownFileType = file.storyboard; name = Base; path = Base.lproj/Main.storyboard; sourceTree = "<group>"; };
		FCCAE9A62633F12000CF6BB7 /* Assets.xcassets */ = {isa = PBXFileReference; lastKnownFileType = folder.assetcatalog; path = Assets.xcassets; sourceTree = "<group>"; };
		FCCAE9A92633F12000CF6BB7 /* Base */ = {isa = PBXFileReference; lastKnownFileType = file.storyboard; name = Base; path = Base.lproj/LaunchScreen.storyboard; sourceTree = "<group>"; };
		FCCAE9AB2633F12000CF6BB7 /* Info.plist */ = {isa = PBXFileReference; lastKnownFileType = text.plist.xml; path = Info.plist; sourceTree = "<group>"; };
		FCCAE9B52633F1FD00CF6BB7 /* Bubble.swift */ = {isa = PBXFileReference; lastKnownFileType = sourcecode.swift; path = Bubble.swift; sourceTree = "<group>"; };
		FCCAE9B8263404C800CF6BB7 /* GameConfigViewController.swift */ = {isa = PBXFileReference; lastKnownFileType = sourcecode.swift; path = GameConfigViewController.swift; sourceTree = "<group>"; };
		FCCAE9BB2634089400CF6BB7 /* GameViewController.swift */ = {isa = PBXFileReference; lastKnownFileType = sourcecode.swift; path = GameViewController.swift; sourceTree = "<group>"; };
		FCCAE9BE2634115D00CF6BB7 /* RankingViewController.swift */ = {isa = PBXFileReference; lastKnownFileType = sourcecode.swift; path = RankingViewController.swift; sourceTree = "<group>"; };
		FCF775282639587B00B94672 /* HighViewController.swift */ = {isa = PBXFileReference; lastKnownFileType = sourcecode.swift; path = HighViewController.swift; sourceTree = "<group>"; };
		FCF7752B26395ABA00B94672 /* CustomTableViewCell.swift */ = {isa = PBXFileReference; lastKnownFileType = sourcecode.swift; path = CustomTableViewCell.swift; sourceTree = "<group>"; };
/* End PBXFileReference section */

/* Begin PBXFrameworksBuildPhase section */
		FCCAE9972633F11F00CF6BB7 /* Frameworks */ = {
			isa = PBXFrameworksBuildPhase;
			buildActionMask = 2147483647;
			files = (
			);
			runOnlyForDeploymentPostprocessing = 0;
		};
/* End PBXFrameworksBuildPhase section */

/* Begin PBXGroup section */
		FCCAE9912633F11F00CF6BB7 = {
			isa = PBXGroup;
			children = (
				FCCAE99C2633F11F00CF6BB7 /* AssignmentTwo */,
				FCCAE99B2633F11F00CF6BB7 /* Products */,
			);
			sourceTree = "<group>";
		};
		FCCAE99B2633F11F00CF6BB7 /* Products */ = {
			isa = PBXGroup;
			children = (
				FCCAE99A2633F11F00CF6BB7 /* AssignmentTwo.app */,
			);
			name = Products;
			sourceTree = "<group>";
		};
		FCCAE99C2633F11F00CF6BB7 /* AssignmentTwo */ = {
			isa = PBXGroup;
			children = (
				FCCAE9B42633F18900CF6BB7 /* View */,
				FCCAE9B32633F17F00CF6BB7 /* Model */,
				FCCAE9B22633F17300CF6BB7 /* Controller */,
				FCCAE9A62633F12000CF6BB7 /* Assets.xcassets */,
				FCCAE9AB2633F12000CF6BB7 /* Info.plist */,
			);
			path = AssignmentTwo;
			sourceTree = "<group>";
		};
		FCCAE9B22633F17300CF6BB7 /* Controller */ = {
			isa = PBXGroup;
			children = (
				FCCAE99D2633F11F00CF6BB7 /* AppDelegate.swift */,
				FCCAE99F2633F11F00CF6BB7 /* SceneDelegate.swift */,
				FCCAE9A12633F11F00CF6BB7 /* ViewController.swift */,
				FCCAE9B8263404C800CF6BB7 /* GameConfigViewController.swift */,
				FCCAE9BB2634089400CF6BB7 /* GameViewController.swift */,
				FCCAE9BE2634115D00CF6BB7 /* RankingViewController.swift */,
				FC66E17B26382E110087F49C /* ScoreTableViewCell.swift */,
				FC3A55C32638331D0061E14E /* BoardTableViewController.swift */,
				FC3A55C6263839710061E14E /* BoardNaviViewController.swift */,
				FCF775282639587B00B94672 /* HighViewController.swift */,
				FCF7752B26395ABA00B94672 /* CustomTableViewCell.swift */,
				FC32E8DF263BFAF600F56140 /* ResultViewController.swift */,
			);
			path = Controller;
			sourceTree = "<group>";
		};
		FCCAE9B32633F17F00CF6BB7 /* Model */ = {
			isa = PBXGroup;
			children = (
				FCCAE9B52633F1FD00CF6BB7 /* Bubble.swift */,
			);
			path = Model;
			sourceTree = "<group>";
		};
		FCCAE9B42633F18900CF6BB7 /* View */ = {
			isa = PBXGroup;
			children = (
				FCCAE9A82633F12000CF6BB7 /* LaunchScreen.storyboard */,
				FCCAE9A32633F11F00CF6BB7 /* Main.storyboard */,
			);
			path = View;
			sourceTree = "<group>";
		};
/* End PBXGroup section */

/* Begin PBXNativeTarget section */
		FCCAE9992633F11F00CF6BB7 /* AssignmentTwo */ = {
			isa = PBXNativeTarget;
			buildConfigurationList = FCCAE9AE2633F12000CF6BB7 /* Build configuration list for PBXNativeTarget "AssignmentTwo" */;
			buildPhases = (
				FCCAE9962633F11F00CF6BB7 /* Sources */,
				FCCAE9972633F11F00CF6BB7 /* Frameworks */,
				FCCAE9982633F11F00CF6BB7 /* Resources */,
			);
			buildRules = (
			);
			dependencies = (
			);
			name = AssignmentTwo;
			productName = AssignmentTwo;
			productReference = FCCAE99A2633F11F00CF6BB7 /* AssignmentTwo.app */;
			productType = "com.apple.product-type.application";
		};
/* End PBXNativeTarget section */

/* Begin PBXProject section */
		FCCAE9922633F11F00CF6BB7 /* Project object */ = {
			isa = PBXProject;
			attributes = {
				LastSwiftUpdateCheck = 1240;
				LastUpgradeCheck = 1240;
				TargetAttributes = {
					FCCAE9992633F11F00CF6BB7 = {
						CreatedOnToolsVersion = 12.4;
					};
				};
			};
			buildConfigurationList = FCCAE9952633F11F00CF6BB7 /* Build configuration list for PBXProject "AssignmentTwo" */;
			compatibilityVersion = "Xcode 9.3";
			developmentRegion = en;
			hasScannedForEncodings = 0;
			knownRegions = (
				en,
				Base,
			);
			mainGroup = FCCAE9912633F11F00CF6BB7;
			productRefGroup = FCCAE99B2633F11F00CF6BB7 /* Products */;
			projectDirPath = "";
			projectRoot = "";
			targets = (
				FCCAE9992633F11F00CF6BB7 /* AssignmentTwo */,
			);
		};
/* End PBXProject section */

/* Begin PBXResourcesBuildPhase section */
		FCCAE9982633F11F00CF6BB7 /* Resources */ = {
			isa = PBXResourcesBuildPhase;
			buildActionMask = 2147483647;
			files = (
				FCCAE9AA2633F12000CF6BB7 /* LaunchScreen.storyboard in Resources */,
				FCCAE9A72633F12000CF6BB7 /* Assets.xcassets in Resources */,
				FCCAE9A52633F11F00CF6BB7 /* Main.storyboard in Resources */,
			);
			runOnlyForDeploymentPostprocessing = 0;
		};
/* End PBXResourcesBuildPhase section */

/* Begin PBXSourcesBuildPhase section */
		FCCAE9962633F11F00CF6BB7 /* Sources */ = {
			isa = PBXSourcesBuildPhase;
			buildActionMask = 2147483647;
			files = (
				FC32E8E0263BFAF600F56140 /* ResultViewController.swift in Sources */,
				FC3A55C42638331D0061E14E /* BoardTableViewController.swift in Sources */,
				FCCAE9A22633F11F00CF6BB7 /* ViewController.swift in Sources */,
				FCCAE9B9263404C800CF6BB7 /* GameConfigViewController.swift in Sources */,
				FC66E17C26382E110087F49C /* ScoreTableViewCell.swift in Sources */,
				FCF775292639587B00B94672 /* HighViewController.swift in Sources */,
				FCCAE99E2633F11F00CF6BB7 /* AppDelegate.swift in Sources */,
				FCF7752C26395ABA00B94672 /* CustomTableViewCell.swift in Sources */,
				FCCAE9BF2634115D00CF6BB7 /* RankingViewController.swift in Sources */,
				FCCAE9A02633F11F00CF6BB7 /* SceneDelegate.swift in Sources */,
				FCCAE9BC2634089400CF6BB7 /* GameViewController.swift in Sources */,
				FCCAE9B62633F1FD00CF6BB7 /* Bubble.swift in Sources */,
				FC3A55C7263839710061E14E /* BoardNaviViewController.swift in Sources */,
			);
			runOnlyForDeploymentPostprocessing = 0;
		};
/* End PBXSourcesBuildPhase section */

/* Begin PBXVariantGroup section */
		FCCAE9A32633F11F00CF6BB7 /* Main.storyboard */ = {
			isa = PBXVariantGroup;
			children = (
				FCCAE9A42633F11F00CF6BB7 /* Base */,
			);
			name = Main.storyboard;
			sourceTree = "<group>";
		};
		FCCAE9A82633F12000CF6BB7 /* LaunchScreen.storyboard */ = {
			isa = PBXVariantGroup;
			children = (
				FCCAE9A92633F12000CF6BB7 /* Base */,
			);
			name = LaunchScreen.storyboard;
			sourceTree = "<group>";
		};
/* End PBXVariantGroup section */

/* Begin XCBuildConfiguration section */
		FCCAE9AC2633F12000CF6BB7 /* Debug */ = {
			isa = XCBuildConfiguration;
			buildSettings = {
				ALWAYS_SEARCH_USER_PATHS = NO;
				CLANG_ANALYZER_NONNULL = YES;
				CLANG_ANALYZER_NUMBER_OBJECT_CONVERSION = YES_AGGRESSIVE;
				CLANG_CXX_LANGUAGE_STANDARD = "gnu++14";
				CLANG_CXX_LIBRARY = "libc++";
				CLANG_ENABLE_MODULES = YES;
				CLANG_ENABLE_OBJC_ARC = YES;
				CLANG_ENABLE_OBJC_WEAK = YES;
				CLANG_WARN_BLOCK_CAPTURE_AUTORELEASING = YES;
				CLANG_WARN_BOOL_CONVERSION = YES;
				CLANG_WARN_COMMA = YES;
				CLANG_WARN_CONSTANT_CONVERSION = YES;
				CLANG_WARN_DEPRECATED_OBJC_IMPLEMENTATIONS = YES;
				CLANG_WARN_DIRECT_OBJC_ISA_USAGE = YES_ERROR;
				CLANG_WARN_DOCUMENTATION_COMMENTS = YES;
				CLANG_WARN_EMPTY_BODY = YES;
				CLANG_WARN_ENUM_CONVERSION = YES;
				CLANG_WARN_INFINITE_RECURSION = YES;
				CLANG_WARN_INT_CONVERSION = YES;
				CLANG_WARN_NON_LITERAL_NULL_CONVERSION = YES;
				CLANG_WARN_OBJC_IMPLICIT_RETAIN_SELF = YES;
				CLANG_WARN_OBJC_LITERAL_CONVERSION = YES;
				CLANG_WARN_OBJC_ROOT_CLASS = YES_ERROR;
				CLANG_WARN_QUOTED_INCLUDE_IN_FRAMEWORK_HEADER = YES;
				CLANG_WARN_RANGE_LOOP_ANALYSIS = YES;
				CLANG_WARN_STRICT_PROTOTYPES = YES;
				CLANG_WARN_SUSPICIOUS_MOVE = YES;
				CLANG_WARN_UNGUARDED_AVAILABILITY = YES_AGGRESSIVE;
				CLANG_WARN_UNREACHABLE_CODE = YES;
				CLANG_WARN__DUPLICATE_METHOD_MATCH = YES;
				COPY_PHASE_STRIP = NO;
				DEBUG_INFORMATION_FORMAT = dwarf;
				ENABLE_STRICT_OBJC_MSGSEND = YES;
				ENABLE_TESTABILITY = YES;
				GCC_C_LANGUAGE_STANDARD = gnu11;
				GCC_DYNAMIC_NO_PIC = NO;
				GCC_NO_COMMON_BLOCKS = YES;
				GCC_OPTIMIZATION_LEVEL = 0;
				GCC_PREPROCESSOR_DEFINITIONS = (
					"DEBUG=1",
					"$(inherited)",
				);
				GCC_WARN_64_TO_32_BIT_CONVERSION = YES;
				GCC_WARN_ABOUT_RETURN_TYPE = YES_ERROR;
				GCC_WARN_UNDECLARED_SELECTOR = YES;
				GCC_WARN_UNINITIALIZED_AUTOS = YES_AGGRESSIVE;
				GCC_WARN_UNUSED_FUNCTION = YES;
				GCC_WARN_UNUSED_VARIABLE = YES;
				IPHONEOS_DEPLOYMENT_TARGET = 14.4;
				MTL_ENABLE_DEBUG_INFO = INCLUDE_SOURCE;
				MTL_FAST_MATH = YES;
				ONLY_ACTIVE_ARCH = YES;
				SDKROOT = iphoneos;
				SWIFT_ACTIVE_COMPILATION_CONDITIONS = DEBUG;
				SWIFT_OPTIMIZATION_LEVEL = "-Onone";
			};
			name = Debug;
		};
		FCCAE9AD2633F12000CF6BB7 /* Release */ = {
			isa = XCBuildConfiguration;
			buildSettings = {
				ALWAYS_SEARCH_USER_PATHS = NO;
				CLANG_ANALYZER_NONNULL = YES;
				CLANG_ANALYZER_NUMBER_OBJECT_CONVERSION = YES_AGGRESSIVE;
				CLANG_CXX_LANGUAGE_STANDARD = "gnu++14";
				CLANG_CXX_LIBRARY = "libc++";
				CLANG_ENABLE_MODULES = YES;
				CLANG_ENABLE_OBJC_ARC = YES;
				CLANG_ENABLE_OBJC_WEAK = YES;
				CLANG_WARN_BLOCK_CAPTURE_AUTORELEASING = YES;
				CLANG_WARN_BOOL_CONVERSION = YES;
				CLANG_WARN_COMMA = YES;
				CLANG_WARN_CONSTANT_CONVERSION = YES;
				CLANG_WARN_DEPRECATED_OBJC_IMPLEMENTATIONS = YES;
				CLANG_WARN_DIRECT_OBJC_ISA_USAGE = YES_ERROR;
				CLANG_WARN_DOCUMENTATION_COMMENTS = YES;
				CLANG_WARN_EMPTY_BODY = YES;
				CLANG_WARN_ENUM_CONVERSION = YES;
				CLANG_WARN_INFINITE_RECURSION = YES;
				CLANG_WARN_INT_CONVERSION = YES;
				CLANG_WARN_NON_LITERAL_NULL_CONVERSION = YES;
				CLANG_WARN_OBJC_IMPLICIT_RETAIN_SELF = YES;
				CLANG_WARN_OBJC_LITERAL_CONVERSION = YES;
				CLANG_WARN_OBJC_ROOT_CLASS = YES_ERROR;
				CLANG_WARN_QUOTED_INCLUDE_IN_FRAMEWORK_HEADER = YES;
				CLANG_WARN_RANGE_LOOP_ANALYSIS = YES;
				CLANG_WARN_STRICT_PROTOTYPES = YES;
				CLANG_WARN_SUSPICIOUS_MOVE = YES;
				CLANG_WARN_UNGUARDED_AVAILABILITY = YES_AGGRESSIVE;
				CLANG_WARN_UNREACHABLE_CODE = YES;
				CLANG_WARN__DUPLICATE_METHOD_MATCH = YES;
				COPY_PHASE_STRIP = NO;
				DEBUG_INFORMATION_FORMAT = "dwarf-with-dsym";
				ENABLE_NS_ASSERTIONS = NO;
				ENABLE_STRICT_OBJC_MSGSEND = YES;
				GCC_C_LANGUAGE_STANDARD = gnu11;
				GCC_NO_COMMON_BLOCKS = YES;
				GCC_WARN_64_TO_32_BIT_CONVERSION = YES;
				GCC_WARN_ABOUT_RETURN_TYPE = YES_ERROR;
				GCC_WARN_UNDECLARED_SELECTOR = YES;
				GCC_WARN_UNINITIALIZED_AUTOS = YES_AGGRESSIVE;
				GCC_WARN_UNUSED_FUNCTION = YES;
				GCC_WARN_UNUSED_VARIABLE = YES;
				IPHONEOS_DEPLOYMENT_TARGET = 14.4;
				MTL_ENABLE_DEBUG_INFO = NO;
				MTL_FAST_MATH = YES;
				SDKROOT = iphoneos;
				SWIFT_COMPILATION_MODE = wholemodule;
				SWIFT_OPTIMIZATION_LEVEL = "-O";
				VALIDATE_PRODUCT = YES;
			};
			name = Release;
		};
		FCCAE9AF2633F12000CF6BB7 /* Debug */ = {
			isa = XCBuildConfiguration;
			buildSettings = {
				ASSETCATALOG_COMPILER_APPICON_NAME = AppIcon;
				ASSETCATALOG_COMPILER_GLOBAL_ACCENT_COLOR_NAME = AccentColor;
				CODE_SIGN_STYLE = Automatic;
				INFOPLIST_FILE = AssignmentTwo/Info.plist;
				LD_RUNPATH_SEARCH_PATHS = (
					"$(inherited)",
					"@executable_path/Frameworks",
				);
				PRODUCT_BUNDLE_IDENTIFIER = sample.AssignmentTwo;
				PRODUCT_NAME = "$(TARGET_NAME)";
				SWIFT_VERSION = 5.0;
				TARGETED_DEVICE_FAMILY = "1,2";
			};
			name = Debug;
		};
		FCCAE9B02633F12000CF6BB7 /* Release */ = {
			isa = XCBuildConfiguration;
			buildSettings = {
				ASSETCATALOG_COMPILER_APPICON_NAME = AppIcon;
				ASSETCATALOG_COMPILER_GLOBAL_ACCENT_COLOR_NAME = AccentColor;
				CODE_SIGN_STYLE = Automatic;
				INFOPLIST_FILE = AssignmentTwo/Info.plist;
				LD_RUNPATH_SEARCH_PATHS = (
					"$(inherited)",
					"@executable_path/Frameworks",
				);
				PRODUCT_BUNDLE_IDENTIFIER = sample.AssignmentTwo;
				PRODUCT_NAME = "$(TARGET_NAME)";
				SWIFT_VERSION = 5.0;
				TARGETED_DEVICE_FAMILY = "1,2";
			};
			name = Release;
		};
/* End XCBuildConfiguration section */

/* Begin XCConfigurationList section */
		FCCAE9952633F11F00CF6BB7 /* Build configuration list for PBXProject "AssignmentTwo" */ = {
			isa = XCConfigurationList;
			buildConfigurations = (
				FCCAE9AC2633F12000CF6BB7 /* Debug */,
				FCCAE9AD2633F12000CF6BB7 /* Release */,
			);
			defaultConfigurationIsVisible = 0;
			defaultConfigurationName = Release;
		};
		FCCAE9AE2633F12000CF6BB7 /* Build configuration list for PBXNativeTarget "AssignmentTwo" */ = {
			isa = XCConfigurationList;
			buildConfigurations = (
				FCCAE9AF2633F12000CF6BB7 /* Debug */,
				FCCAE9B02633F12000CF6BB7 /* Release */,
			);
			defaultConfigurationIsVisible = 0;
			defaultConfigurationName = Release;
		};
/* End XCConfigurationList section */
	};
	rootObject = FCCAE9922633F11F00CF6BB7 /* Project object */;
}
